// !$*UTF8*$!
{
	archiveVersion = 1;
	classes = {
	};
	objectVersion = 46;
	objects = {

/* Begin PBXBuildFile section */
		CAC9CCB71BB72AD90061E10C /* libfireball.h in CopyFiles */ = {isa = PBXBuildFile; fileRef = CAC9CCB61BB72AD90061E10C /* libfireball.h */; };
		CAC9CCC11BB72B6C0061E10C /* libfireball.m in Sources */ = {isa = PBXBuildFile; fileRef = CAC9CCC01BB72B6C0061E10C /* libfireball.m */; settings = {ASSET_TAGS = (); }; };
		CAC9CCC31BB72B900061E10C /* Social.framework in Frameworks */ = {isa = PBXBuildFile; fileRef = CAC9CCC21BB72B900061E10C /* Social.framework */; };
		CAC9CCC51BB72B950061E10C /* UIKit.framework in Frameworks */ = {isa = PBXBuildFile; fileRef = CAC9CCC41BB72B950061E10C /* UIKit.framework */; };
		CAC9CCC71BBB06B80061E10C /* Accounts.framework in Frameworks */ = {isa = PBXBuildFile; fileRef = CAC9CCC61BBB06B80061E10C /* Accounts.framework */; };
/* End PBXBuildFile section */

/* Begin PBXCopyFilesBuildPhase section */
		CAC9CCB11BB72AD90061E10C /* CopyFiles */ = {
			isa = PBXCopyFilesBuildPhase;
			buildActionMask = 2147483647;
			dstPath = "include/$(PRODUCT_NAME)";
			dstSubfolderSpec = 16;
			files = (
				CAC9CCB71BB72AD90061E10C /* libfireball.h in CopyFiles */,
			);
			runOnlyForDeploymentPostprocessing = 0;
		};
/* End PBXCopyFilesBuildPhase section */

/* Begin PBXFileReference section */
		CAC9CCB31BB72AD90061E10C /* libfireball.a */ = {isa = PBXFileReference; explicitFileType = archive.ar; includeInIndex = 0; path = libfireball.a; sourceTree = BUILT_PRODUCTS_DIR; };
		CAC9CCB61BB72AD90061E10C /* libfireball.h */ = {isa = PBXFileReference; lastKnownFileType = sourcecode.c.h; path = libfireball.h; sourceTree = "<group>"; };
		CAC9CCBF1BB72B610061E10C /* libfireball_private.h */ = {isa = PBXFileReference; lastKnownFileType = sourcecode.c.h; path = libfireball_private.h; sourceTree = "<group>"; };
		CAC9CCC01BB72B6C0061E10C /* libfireball.m */ = {isa = PBXFileReference; fileEncoding = 4; lastKnownFileType = sourcecode.c.objc; path = libfireball.m; sourceTree = "<group>"; };
		CAC9CCC21BB72B900061E10C /* Social.framework */ = {isa = PBXFileReference; lastKnownFileType = wrapper.framework; name = Social.framework; path = System/Library/Frameworks/Social.framework; sourceTree = SDKROOT; };
		CAC9CCC41BB72B950061E10C /* UIKit.framework */ = {isa = PBXFileReference; lastKnownFileType = wrapper.framework; name = UIKit.framework; path = System/Library/Frameworks/UIKit.framework; sourceTree = SDKROOT; };
		CAC9CCC61BBB06B80061E10C /* Accounts.framework */ = {isa = PBXFileReference; lastKnownFileType = wrapper.framework; name = Accounts.framework; path = System/Library/Frameworks/Accounts.framework; sourceTree = SDKROOT; };
/* End PBXFileReference section */

/* Begin PBXFrameworksBuildPhase section */
		CAC9CCB01BB72AD90061E10C /* Frameworks */ = {
			isa = PBXFrameworksBuildPhase;
			buildActionMask = 2147483647;
			files = (
				CAC9CCC71BBB06B80061E10C /* Accounts.framework in Frameworks */,
				CAC9CCC51BB72B950061E10C /* UIKit.framework in Frameworks */,
				CAC9CCC31BB72B900061E10C /* Social.framework in Frameworks */,
			);
			runOnlyForDeploymentPostprocessing = 0;
		};
/* End PBXFrameworksBuildPhase section */

/* Begin PBXGroup section */
		CAC9CCAA1BB72AD90061E10C = {
			isa = PBXGroup;
			children = (
				CAC9CCC61BBB06B80061E10C /* Accounts.framework */,
				CAC9CCC41BB72B950061E10C /* UIKit.framework */,
				CAC9CCC21BB72B900061E10C /* Social.framework */,
				CAC9CCB51BB72AD90061E10C /* libfireball */,
				CAC9CCB41BB72AD90061E10C /* Products */,
			);
			sourceTree = "<group>";
		};
		CAC9CCB41BB72AD90061E10C /* Products */ = {
			isa = PBXGroup;
			children = (
				CAC9CCB31BB72AD90061E10C /* libfireball.a */,
			);
			name = Products;
			sourceTree = "<group>";
		};
		CAC9CCB51BB72AD90061E10C /* libfireball */ = {
			isa = PBXGroup;
			children = (
				CAC9CCB61BB72AD90061E10C /* libfireball.h */,
				CAC9CCC01BB72B6C0061E10C /* libfireball.m */,
				CAC9CCBF1BB72B610061E10C /* libfireball_private.h */,
			);
			path = libfireball;
			sourceTree = "<group>";
		};
/* End PBXGroup section */

/* Begin PBXNativeTarget section */
		CAC9CCB21BB72AD90061E10C /* libfireball */ = {
			isa = PBXNativeTarget;
			buildConfigurationList = CAC9CCBC1BB72AD90061E10C /* Build configuration list for PBXNativeTarget "libfireball" */;
			buildPhases = (
				CAC9CCAF1BB72AD90061E10C /* Sources */,
				CAC9CCB01BB72AD90061E10C /* Frameworks */,
				CAC9CCB11BB72AD90061E10C /* CopyFiles */,
			);
			buildRules = (
			);
			dependencies = (
			);
			name = libfireball;
			productName = libfireball;
			productReference = CAC9CCB31BB72AD90061E10C /* libfireball.a */;
			productType = "com.apple.product-type.library.static";
		};
/* End PBXNativeTarget section */

/* Begin PBXProject section */
		CAC9CCAB1BB72AD90061E10C /* Project object */ = {
			isa = PBXProject;
			attributes = {
				LastUpgradeCheck = 0700;
				ORGANIZATIONNAME = "Bailey Seymour";
				TargetAttributes = {
					CAC9CCB21BB72AD90061E10C = {
						CreatedOnToolsVersion = 7.0;
					};
				};
			};
			buildConfigurationList = CAC9CCAE1BB72AD90061E10C /* Build configuration list for PBXProject "libfireball" */;
			compatibilityVersion = "Xcode 3.2";
			developmentRegion = English;
			hasScannedForEncodings = 0;
			knownRegions = (
				en,
			);
			mainGroup = CAC9CCAA1BB72AD90061E10C;
			productRefGroup = CAC9CCB41BB72AD90061E10C /* Products */;
			projectDirPath = "";
			projectRoot = "";
			targets = (
				CAC9CCB21BB72AD90061E10C /* libfireball */,
			);
		};
/* End PBXProject section */

/* Begin PBXSourcesBuildPhase section */
		CAC9CCAF1BB72AD90061E10C /* Sources */ = {
			isa = PBXSourcesBuildPhase;
			buildActionMask = 2147483647;
			files = (
				CAC9CCC11BB72B6C0061E10C /* libfireball.m in Sources */,
			);
			runOnlyForDeploymentPostprocessing = 0;
		};
/* End PBXSourcesBuildPhase section */

/* Begin XCBuildConfiguration section */
		CAC9CCBA1BB72AD90061E10C /* Debug */ = {
			isa = XCBuildConfiguration;
			buildSettings = {
				ALWAYS_SEARCH_USER_PATHS = NO;
				CLANG_CXX_LANGUAGE_STANDARD = "gnu++0x";
				CLANG_CXX_LIBRARY = "libc++";
				CLANG_ENABLE_MODULES = YES;
				CLANG_ENABLE_OBJC_ARC = YES;
				CLANG_WARN_BOOL_CONVERSION = YES;
				CLANG_WARN_CONSTANT_CONVERSION = YES;
				CLANG_WARN_DIRECT_OBJC_ISA_USAGE = YES_ERROR;
				CLANG_WARN_EMPTY_BODY = YES;
				CLANG_WARN_ENUM_CONVERSION = YES;
				CLANG_WARN_INT_CONVERSION = YES;
				CLANG_WARN_OBJC_ROOT_CLASS = YES_ERROR;
				CLANG_WARN_UNREACHABLE_CODE = YES;
				CLANG_WARN__DUPLICATE_METHOD_MATCH = YES;
				COPY_PHASE_STRIP = NO;
				DEBUG_INFORMATION_FORMAT = dwarf;
				ENABLE_STRICT_OBJC_MSGSEND = YES;
				ENABLE_TESTABILITY = YES;
				GCC_C_LANGUAGE_STANDARD = gnu99;
				GCC_DYNAMIC_NO_PIC = NO;
				GCC_NO_COMMON_BLOCKS = YES;
				GCC_OPTIMIZATION_LEVEL = 0;
				GCC_PREPROCESSOR_DEFINITIONS = (
					"DEBUG=1",
					"$(inherited)",
				);
				GCC_WARN_64_TO_32_BIT_CONVERSION = YES;
				GCC_WARN_ABOUT_RETURN_TYPE = YES_ERROR;
				GCC_WARN_UNDECLARED_SELECTOR = YES;
				GCC_WARN_UNINITIALIZED_AUTOS = YES_AGGRESSIVE;
				GCC_WARN_UNUSED_FUNCTION = YES;
				GCC_WARN_UNUSED_VARIABLE = YES;
				IPHONEOS_DEPLOYMENT_TARGET = 3.0;
				MTL_ENABLE_DEBUG_INFO = YES;
				ONLY_ACTIVE_ARCH = YES;
				SDKROOT = iphoneos;
			};
			name = Debug;
		};
		CAC9CCBB1BB72AD90061E10C /* Release */ = {
			isa = XCBuildConfiguration;
			buildSettings = {
				ALWAYS_SEARCH_USER_PATHS = NO;
				CLANG_CXX_LANGUAGE_STANDARD = "gnu++0x";
				CLANG_CXX_LIBRARY = "libc++";
				CLANG_ENABLE_MODULES = YES;
				CLANG_ENABLE_OBJC_ARC = YES;
				CLANG_WARN_BOOL_CONVERSION = YES;
				CLANG_WARN_CONSTANT_CONVERSION = YES;
				CLANG_WARN_DIRECT_OBJC_ISA_USAGE = YES_ERROR;
				CLANG_WARN_EMPTY_BODY = YES;
				CLANG_WARN_ENUM_CONVERSION = YES;
				CLANG_WARN_INT_CONVERSION = YES;
				CLANG_WARN_OBJC_ROOT_CLASS = YES_ERROR;
				CLANG_WARN_UNREACHABLE_CODE = YES;
				CLANG_WARN__DUPLICATE_METHOD_MATCH = YES;
				COPY_PHASE_STRIP = NO;
				DEBUG_INFORMATION_FORMAT = "dwarf-with-dsym";
				ENABLE_NS_ASSERTIONS = NO;
				ENABLE_STRICT_OBJC_MSGSEND = YES;
				GCC_C_LANGUAGE_STANDARD = gnu99;
				GCC_NO_COMMON_BLOCKS = YES;
				GCC_WARN_64_TO_32_BIT_CONVERSION = YES;
				GCC_WARN_ABOUT_RETURN_TYPE = YES_ERROR;
				GCC_WARN_UNDECLARED_SELECTOR = YES;
				GCC_WARN_UNINITIALIZED_AUTOS = YES_AGGRESSIVE;
				GCC_WARN_UNUSED_FUNCTION = YES;
				GCC_WARN_UNUSED_VARIABLE = YES;
				IPHONEOS_DEPLOYMENT_TARGET = 3.0;
				MTL_ENABLE_DEBUG_INFO = NO;
				SDKROOT = iphoneos;
				VALIDATE_PRODUCT = YES;
			};
			name = Release;
		};
		CAC9CCBD1BB72AD90061E10C /* Debug */ = {
			isa = XCBuildConfiguration;
			buildSettings = {
				ARCHS = (
					"$(ARCHS_STANDARD)",
					armv7s,
				);
				CLANG_ENABLE_OBJC_ARC = NO;
				EXECUTABLE_PREFIX = "";
				HEADER_SEARCH_PATHS = /opt/theos/include;
				ONLY_ACTIVE_ARCH = NO;
				OTHER_LDFLAGS = "-ObjC";
				PRODUCT_NAME = "$(TARGET_NAME)";
				SKIP_INSTALL = YES;
			};
			name = Debug;
		};
		CAC9CCBE1BB72AD90061E10C /* Release */ = {
			isa = XCBuildConfiguration;
			buildSettings = {
				ARCHS = (
					"$(ARCHS_STANDARD)",
					armv7s,
				);
				CLANG_ENABLE_OBJC_ARC = NO;
				EXECUTABLE_PREFIX = "";
				HEADER_SEARCH_PATHS = /opt/theos/include;
				OTHER_LDFLAGS = "-ObjC";
				PRODUCT_NAME = "$(TARGET_NAME)";
				SKIP_INSTALL = YES;
			};
			name = Release;
		};
/* End XCBuildConfiguration section */

/* Begin XCConfigurationList section */
		CAC9CCAE1BB72AD90061E10C /* Build configuration list for PBXProject "libfireball" */ = {
			isa = XCConfigurationList;
			buildConfigurations = (
				CAC9CCBA1BB72AD90061E10C /* Debug */,
				CAC9CCBB1BB72AD90061E10C /* Release */,
			);
			defaultConfigurationIsVisible = 0;
			defaultConfigurationName = Release;
		};
		CAC9CCBC1BB72AD90061E10C /* Build configuration list for PBXNativeTarget "libfireball" */ = {
			isa = XCConfigurationList;
			buildConfigurations = (
				CAC9CCBD1BB72AD90061E10C /* Debug */,
				CAC9CCBE1BB72AD90061E10C /* Release */,
			);
			defaultConfigurationIsVisible = 0;
		};
/* End XCConfigurationList section */
	};
	rootObject = CAC9CCAB1BB72AD90061E10C /* Project object */;
}
